
Microsoft Visual Studio Solution File, Format Version 12.00
# Visual Studio 15
VisualStudioVersion = 15.0.28307.902
MinimumVisualStudioVersion = 10.0.40219.1
Project("{FAE04EC0-301F-11D3-BF4B-00C04F79EFBC}") = "SpeechCodingHandler", "SpeechCodingHandler\SpeechCodingHandler.csproj", "{BDA4C343-D8BD-4778-9EC4-95FD84436408}"
EndProject
Project("{FAE04EC0-301F-11D3-BF4B-00C04F79EFBC}") = "SpeechCoding", "SpeechCoding\SpeechCoding.csproj", "{87DE389F-FF1B-4D00-B1E7-F3726E39536E}"
EndProject
Global
	GlobalSection(SolutionConfigurationPlatforms) = preSolution
		Debug|Any CPU = Debug|Any CPU
		Debug|ARM = Debug|ARM
		Debug|ARM64 = Debug|ARM64
		Debug|x64 = Debug|x64
		Debug|x86 = Debug|x86
		Release|Any CPU = Release|Any CPU
		Release|ARM = Release|ARM
		Release|ARM64 = Release|ARM64
		Release|x64 = Release|x64
		Release|x86 = Release|x86
	EndGlobalSection
	GlobalSection(ProjectConfigurationPlatforms) = postSolution
		{BDA4C343-D8BD-4778-9EC4-95FD84436408}.Debug|Any CPU.ActiveCfg = Debug|Any CPU
		{BDA4C343-D8BD-4778-9EC4-95FD84436408}.Debug|Any CPU.Build.0 = Debug|Any CPU
		{BDA4C343-D8BD-4778-9EC4-95FD84436408}.Debug|ARM.ActiveCfg = Debug|Any CPU
		{BDA4C343-D8BD-4778-9EC4-95FD84436408}.Debug|ARM.Build.0 = Debug|Any CPU
		{BDA4C343-D8BD-4778-9EC4-95FD84436408}.Debug|ARM64.ActiveCfg = Debug|Any CPU
		{BDA4C343-D8BD-4778-9EC4-95FD84436408}.Debug|ARM64.Build.0 = Debug|Any CPU
		{BDA4C343-D8BD-4778-9EC4-95FD84436408}.Debug|x64.ActiveCfg = Debug|Any CPU
		{BDA4C343-D8BD-4778-9EC4-95FD84436408}.Debug|x64.Build.0 = Debug|Any CPU
		{BDA4C343-D8BD-4778-9EC4-95FD84436408}.Debug|x86.ActiveCfg = Debug|Any CPU
		{BDA4C343-D8BD-4778-9EC4-95FD84436408}.Debug|x86.Build.0 = Debug|Any CPU
		{BDA4C343-D8BD-4778-9EC4-95FD84436408}.Release|Any CPU.ActiveCfg = Release|Any CPU
		{BDA4C343-D8BD-4778-9EC4-95FD84436408}.Release|Any CPU.Build.0 = Release|Any CPU
		{BDA4C343-D8BD-4778-9EC4-95FD84436408}.Release|ARM.ActiveCfg = Release|Any CPU
		{BDA4C343-D8BD-4778-9EC4-95FD84436408}.Release|ARM.Build.0 = Release|Any CPU
		{BDA4C343-D8BD-4778-9EC4-95FD84436408}.Release|ARM64.ActiveCfg = Release|Any CPU
		{BDA4C343-D8BD-4778-9EC4-95FD84436408}.Release|ARM64.Build.0 = Release|Any CPU
		{BDA4C343-D8BD-4778-9EC4-95FD84436408}.Release|x64.ActiveCfg = Release|Any CPU
		{BDA4C343-D8BD-4778-9EC4-95FD84436408}.Release|x64.Build.0 = Release|Any CPU
		{BDA4C343-D8BD-4778-9EC4-95FD84436408}.Release|x86.ActiveCfg = Release|Any CPU
		{BDA4C343-D8BD-4778-9EC4-95FD84436408}.Release|x86.Build.0 = Release|Any CPU
		{87DE389F-FF1B-4D00-B1E7-F3726E39536E}.Debug|Any CPU.ActiveCfg = Debug|Any CPU
		{87DE389F-FF1B-4D00-B1E7-F3726E39536E}.Debug|Any CPU.Build.0 = Debug|Any CPU
		{87DE389F-FF1B-4D00-B1E7-F3726E39536E}.Debug|ARM.ActiveCfg = Debug|Any CPU
		{87DE389F-FF1B-4D00-B1E7-F3726E39536E}.Debug|ARM.Build.0 = Debug|Any CPU
		{87DE389F-FF1B-4D00-B1E7-F3726E39536E}.Debug|ARM64.ActiveCfg = Debug|Any CPU
		{87DE389F-FF1B-4D00-B1E7-F3726E39536E}.Debug|ARM64.Build.0 = Debug|Any CPU
		{87DE389F-FF1B-4D00-B1E7-F3726E39536E}.Debug|x64.ActiveCfg = Debug|x64
		{87DE389F-FF1B-4D00-B1E7-F3726E39536E}.Debug|x64.Build.0 = Debug|x64
		{87DE389F-FF1B-4D00-B1E7-F3726E39536E}.Debug|x86.ActiveCfg = Debug|x86
		{87DE389F-FF1B-4D00-B1E7-F3726E39536E}.Debug|x86.Build.0 = Debug|x86
		{87DE389F-FF1B-4D00-B1E7-F3726E39536E}.Release|Any CPU.ActiveCfg = Release|Any CPU
		{87DE389F-FF1B-4D00-B1E7-F3726E39536E}.Release|Any CPU.Build.0 = Release|Any CPU
		{87DE389F-FF1B-4D00-B1E7-F3726E39536E}.Release|ARM.ActiveCfg = Release|Any CPU
		{87DE389F-FF1B-4D00-B1E7-F3726E39536E}.Release|ARM.Build.0 = Release|Any CPU
		{87DE389F-FF1B-4D00-B1E7-F3726E39536E}.Release|ARM64.ActiveCfg = Release|Any CPU
		{87DE389F-FF1B-4D00-B1E7-F3726E39536E}.Release|ARM64.Build.0 = Release|Any CPU
		{87DE389F-FF1B-4D00-B1E7-F3726E39536E}.Release|x64.ActiveCfg = Release|x64
		{87DE389F-FF1B-4D00-B1E7-F3726E39536E}.Release|x64.Build.0 = Release|x64
		{87DE389F-FF1B-4D00-B1E7-F3726E39536E}.Release|x86.ActiveCfg = Release|x86
		{87DE389F-FF1B-4D00-B1E7-F3726E39536E}.Release|x86.Build.0 = Release|x86
	EndGlobalSection
	GlobalSection(SolutionProperties) = preSolution
		HideSolutionNode = FALSE
	EndGlobalSection
	GlobalSection(ExtensibilityGlobals) = postSolution
		SolutionGuid = {EC253665-4238-4B52-8439-C9FA276477F3}
	EndGlobalSection
EndGlobal
